
Microsoft Visual Studio Solution File, Format Version 12.00
# Visual Studio Version 16
VisualStudioVersion = 16.0.32510.428
MinimumVisualStudioVersion = 10.0.40219.1
Project("{FAE04EC0-301F-11D3-BF4B-00C04F79EFBC}") = "CodeBaseExam", "CodeBaseExam\CodeBaseExam.csproj", "{22C9EC57-99C9-4432-A59E-97B6E369D8CA}"
EndProject
Global
	GlobalSection(SolutionConfigurationPlatforms) = preSolution
		Debug|Any CPU = Debug|Any CPU
		Release|Any CPU = Release|Any CPU
	EndGlobalSection
	GlobalSection(ProjectConfigurationPlatforms) = postSolution
		{22C9EC57-99C9-4432-A59E-97B6E369D8CA}.Debug|Any CPU.ActiveCfg = Debug|Any CPU
		{22C9EC57-99C9-4432-A59E-97B6E369D8CA}.Debug|Any CPU.Build.0 = Debug|Any CPU
		{22C9EC57-99C9-4432-A59E-97B6E369D8CA}.Release|Any CPU.ActiveCfg = Release|Any CPU
		{22C9EC57-99C9-4432-A59E-97B6E369D8CA}.Release|Any CPU.Build.0 = Release|Any CPU
	EndGlobalSection
	GlobalSection(SolutionProperties) = preSolution
		HideSolutionNode = FALSE
	EndGlobalSection
	GlobalSection(ExtensibilityGlobals) = postSolution
		SolutionGuid = {387B0D89-CF45-4C2E-A4C0-CD4AD05CA273}
	EndGlobalSection
EndGlobal
